// !$*UTF8*$!
{
	archiveVersion = 1;
	classes = {
	};
	objectVersion = 55;
	objects = {

/* Begin PBXBuildFile section */
		DD3581242A093EE100186912 /* RoboChefApp.swift in Sources */ = {isa = PBXBuildFile; fileRef = DD3581232A093EE100186912 /* RoboChefApp.swift */; };
		DD3581262A093EE100186912 /* ContentView.swift in Sources */ = {isa = PBXBuildFile; fileRef = DD3581252A093EE100186912 /* ContentView.swift */; };
		DD3581282A093EE400186912 /* Assets.xcassets in Resources */ = {isa = PBXBuildFile; fileRef = DD3581272A093EE400186912 /* Assets.xcassets */; };
		DD35812B2A093EE400186912 /* Preview Assets.xcassets in Resources */ = {isa = PBXBuildFile; fileRef = DD35812A2A093EE400186912 /* Preview Assets.xcassets */; };
		DD3581352A093EE400186912 /* RoboChefTests.swift in Sources */ = {isa = PBXBuildFile; fileRef = DD3581342A093EE400186912 /* RoboChefTests.swift */; };
		DD35813F2A093EE400186912 /* RoboChefUITests.swift in Sources */ = {isa = PBXBuildFile; fileRef = DD35813E2A093EE400186912 /* RoboChefUITests.swift */; };
		DD3581412A093EE400186912 /* RoboChefUITestsLaunchTests.swift in Sources */ = {isa = PBXBuildFile; fileRef = DD3581402A093EE400186912 /* RoboChefUITestsLaunchTests.swift */; };
		DD35814F2A0940C100186912 /* Login.swift in Sources */ = {isa = PBXBuildFile; fileRef = DD35814E2A0940C100186912 /* Login.swift */; };
		DD3581522A09410700186912 /* CustomViews.swift in Sources */ = {isa = PBXBuildFile; fileRef = DD3581512A09410700186912 /* CustomViews.swift */; };
		DD3581542A09412300186912 /* Signup.swift in Sources */ = {isa = PBXBuildFile; fileRef = DD3581532A09412300186912 /* Signup.swift */; };
		DD3581582A17FCAE00186912 /* Home.swift in Sources */ = {isa = PBXBuildFile; fileRef = DD3581572A17FCAE00186912 /* Home.swift */; };
/* End PBXBuildFile section */

/* Begin PBXContainerItemProxy section */
		DD3581312A093EE400186912 /* PBXContainerItemProxy */ = {
			isa = PBXContainerItemProxy;
			containerPortal = DD3581182A093EE100186912 /* Project object */;
			proxyType = 1;
			remoteGlobalIDString = DD35811F2A093EE100186912;
			remoteInfo = RoboChef;
		};
		DD35813B2A093EE400186912 /* PBXContainerItemProxy */ = {
			isa = PBXContainerItemProxy;
			containerPortal = DD3581182A093EE100186912 /* Project object */;
			proxyType = 1;
			remoteGlobalIDString = DD35811F2A093EE100186912;
			remoteInfo = RoboChef;
		};
/* End PBXContainerItemProxy section */

/* Begin PBXFileReference section */
		DD3581202A093EE100186912 /* RoboChef.app */ = {isa = PBXFileReference; explicitFileType = wrapper.application; includeInIndex = 0; path = RoboChef.app; sourceTree = BUILT_PRODUCTS_DIR; };
		DD3581232A093EE100186912 /* RoboChefApp.swift */ = {isa = PBXFileReference; lastKnownFileType = sourcecode.swift; path = RoboChefApp.swift; sourceTree = "<group>"; };
		DD3581252A093EE100186912 /* ContentView.swift */ = {isa = PBXFileReference; lastKnownFileType = sourcecode.swift; path = ContentView.swift; sourceTree = "<group>"; };
		DD3581272A093EE400186912 /* Assets.xcassets */ = {isa = PBXFileReference; lastKnownFileType = folder.assetcatalog; path = Assets.xcassets; sourceTree = "<group>"; };
		DD35812A2A093EE400186912 /* Preview Assets.xcassets */ = {isa = PBXFileReference; lastKnownFileType = folder.assetcatalog; path = "Preview Assets.xcassets"; sourceTree = "<group>"; };
		DD3581302A093EE400186912 /* RoboChefTests.xctest */ = {isa = PBXFileReference; explicitFileType = wrapper.cfbundle; includeInIndex = 0; path = RoboChefTests.xctest; sourceTree = BUILT_PRODUCTS_DIR; };
		DD3581342A093EE400186912 /* RoboChefTests.swift */ = {isa = PBXFileReference; lastKnownFileType = sourcecode.swift; path = RoboChefTests.swift; sourceTree = "<group>"; };
		DD35813A2A093EE400186912 /* RoboChefUITests.xctest */ = {isa = PBXFileReference; explicitFileType = wrapper.cfbundle; includeInIndex = 0; path = RoboChefUITests.xctest; sourceTree = BUILT_PRODUCTS_DIR; };
		DD35813E2A093EE400186912 /* RoboChefUITests.swift */ = {isa = PBXFileReference; lastKnownFileType = sourcecode.swift; path = RoboChefUITests.swift; sourceTree = "<group>"; };
		DD3581402A093EE400186912 /* RoboChefUITestsLaunchTests.swift */ = {isa = PBXFileReference; lastKnownFileType = sourcecode.swift; path = RoboChefUITestsLaunchTests.swift; sourceTree = "<group>"; };
		DD35814E2A0940C100186912 /* Login.swift */ = {isa = PBXFileReference; lastKnownFileType = sourcecode.swift; path = Login.swift; sourceTree = "<group>"; };
		DD3581512A09410700186912 /* CustomViews.swift */ = {isa = PBXFileReference; lastKnownFileType = sourcecode.swift; path = CustomViews.swift; sourceTree = "<group>"; };
		DD3581532A09412300186912 /* Signup.swift */ = {isa = PBXFileReference; lastKnownFileType = sourcecode.swift; path = Signup.swift; sourceTree = "<group>"; };
		DD3581572A17FCAE00186912 /* Home.swift */ = {isa = PBXFileReference; lastKnownFileType = sourcecode.swift; path = Home.swift; sourceTree = "<group>"; };
/* End PBXFileReference section */

/* Begin PBXFrameworksBuildPhase section */
		DD35811D2A093EE100186912 /* Frameworks */ = {
			isa = PBXFrameworksBuildPhase;
			buildActionMask = 2147483647;
			files = (
			);
			runOnlyForDeploymentPostprocessing = 0;
		};
		DD35812D2A093EE400186912 /* Frameworks */ = {
			isa = PBXFrameworksBuildPhase;
			buildActionMask = 2147483647;
			files = (
			);
			runOnlyForDeploymentPostprocessing = 0;
		};
		DD3581372A093EE400186912 /* Frameworks */ = {
			isa = PBXFrameworksBuildPhase;
			buildActionMask = 2147483647;
			files = (
			);
			runOnlyForDeploymentPostprocessing = 0;
		};
/* End PBXFrameworksBuildPhase section */

/* Begin PBXGroup section */
		DD3581172A093EE100186912 = {
			isa = PBXGroup;
			children = (
				DD3581222A093EE100186912 /* RoboChef */,
				DD3581332A093EE400186912 /* RoboChefTests */,
				DD35813D2A093EE400186912 /* RoboChefUITests */,
				DD3581212A093EE100186912 /* Products */,
			);
			sourceTree = "<group>";
		};
		DD3581212A093EE100186912 /* Products */ = {
			isa = PBXGroup;
			children = (
				DD3581202A093EE100186912 /* RoboChef.app */,
				DD3581302A093EE400186912 /* RoboChefTests.xctest */,
				DD35813A2A093EE400186912 /* RoboChefUITests.xctest */,
			);
			name = Products;
			sourceTree = "<group>";
		};
		DD3581222A093EE100186912 /* RoboChef */ = {
			isa = PBXGroup;
			children = (
				DD3581502A0940E600186912 /* SupportingViews */,
				DD35814D2A0940A400186912 /* Views */,
				DD3581232A093EE100186912 /* RoboChefApp.swift */,
				DD3581252A093EE100186912 /* ContentView.swift */,
				DD3581272A093EE400186912 /* Assets.xcassets */,
				DD3581292A093EE400186912 /* Preview Content */,
			);
			path = RoboChef;
			sourceTree = "<group>";
		};
		DD3581292A093EE400186912 /* Preview Content */ = {
			isa = PBXGroup;
			children = (
				DD35812A2A093EE400186912 /* Preview Assets.xcassets */,
			);
			path = "Preview Content";
			sourceTree = "<group>";
		};
		DD3581332A093EE400186912 /* RoboChefTests */ = {
			isa = PBXGroup;
			children = (
				DD3581342A093EE400186912 /* RoboChefTests.swift */,
			);
			path = RoboChefTests;
			sourceTree = "<group>";
		};
		DD35813D2A093EE400186912 /* RoboChefUITests */ = {
			isa = PBXGroup;
			children = (
				DD35813E2A093EE400186912 /* RoboChefUITests.swift */,
				DD3581402A093EE400186912 /* RoboChefUITestsLaunchTests.swift */,
			);
			path = RoboChefUITests;
			sourceTree = "<group>";
		};
		DD35814D2A0940A400186912 /* Views */ = {
			isa = PBXGroup;
			children = (
				DD35814E2A0940C100186912 /* Login.swift */,
				DD3581532A09412300186912 /* Signup.swift */,
				DD3581572A17FCAE00186912 /* Home.swift */,
			);
			path = Views;
			sourceTree = "<group>";
		};
		DD3581502A0940E600186912 /* SupportingViews */ = {
			isa = PBXGroup;
			children = (
				DD3581512A09410700186912 /* CustomViews.swift */,
			);
			path = SupportingViews;
			sourceTree = "<group>";
		};
/* End PBXGroup section */

/* Begin PBXNativeTarget section */
		DD35811F2A093EE100186912 /* RoboChef */ = {
			isa = PBXNativeTarget;
			buildConfigurationList = DD3581442A093EE400186912 /* Build configuration list for PBXNativeTarget "RoboChef" */;
			buildPhases = (
				DD35811C2A093EE100186912 /* Sources */,
				DD35811D2A093EE100186912 /* Frameworks */,
				DD35811E2A093EE100186912 /* Resources */,
			);
			buildRules = (
			);
			dependencies = (
			);
			name = RoboChef;
			productName = RoboChef;
			productReference = DD3581202A093EE100186912 /* RoboChef.app */;
			productType = "com.apple.product-type.application";
		};
		DD35812F2A093EE400186912 /* RoboChefTests */ = {
			isa = PBXNativeTarget;
			buildConfigurationList = DD3581472A093EE400186912 /* Build configuration list for PBXNativeTarget "RoboChefTests" */;
			buildPhases = (
				DD35812C2A093EE400186912 /* Sources */,
				DD35812D2A093EE400186912 /* Frameworks */,
				DD35812E2A093EE400186912 /* Resources */,
			);
			buildRules = (
			);
			dependencies = (
				DD3581322A093EE400186912 /* PBXTargetDependency */,
			);
			name = RoboChefTests;
			productName = RoboChefTests;
			productReference = DD3581302A093EE400186912 /* RoboChefTests.xctest */;
			productType = "com.apple.product-type.bundle.unit-test";
		};
		DD3581392A093EE400186912 /* RoboChefUITests */ = {
			isa = PBXNativeTarget;
			buildConfigurationList = DD35814A2A093EE400186912 /* Build configuration list for PBXNativeTarget "RoboChefUITests" */;
			buildPhases = (
				DD3581362A093EE400186912 /* Sources */,
				DD3581372A093EE400186912 /* Frameworks */,
				DD3581382A093EE400186912 /* Resources */,
			);
			buildRules = (
			);
			dependencies = (
				DD35813C2A093EE400186912 /* PBXTargetDependency */,
			);
			name = RoboChefUITests;
			productName = RoboChefUITests;
			productReference = DD35813A2A093EE400186912 /* RoboChefUITests.xctest */;
			productType = "com.apple.product-type.bundle.ui-testing";
		};
/* End PBXNativeTarget section */

/* Begin PBXProject section */
		DD3581182A093EE100186912 /* Project object */ = {
			isa = PBXProject;
			attributes = {
				BuildIndependentTargetsInParallel = 1;
				LastSwiftUpdateCheck = 1340;
				LastUpgradeCheck = 1340;
				TargetAttributes = {
					DD35811F2A093EE100186912 = {
						CreatedOnToolsVersion = 13.4.1;
					};
					DD35812F2A093EE400186912 = {
						CreatedOnToolsVersion = 13.4.1;
						TestTargetID = DD35811F2A093EE100186912;
					};
					DD3581392A093EE400186912 = {
						CreatedOnToolsVersion = 13.4.1;
						TestTargetID = DD35811F2A093EE100186912;
					};
				};
			};
			buildConfigurationList = DD35811B2A093EE100186912 /* Build configuration list for PBXProject "RoboChef" */;
			compatibilityVersion = "Xcode 13.0";
			developmentRegion = en;
			hasScannedForEncodings = 0;
			knownRegions = (
				en,
				Base,
			);
			mainGroup = DD3581172A093EE100186912;
			productRefGroup = DD3581212A093EE100186912 /* Products */;
			projectDirPath = "";
			projectRoot = "";
			targets = (
				DD35811F2A093EE100186912 /* RoboChef */,
				DD35812F2A093EE400186912 /* RoboChefTests */,
				DD3581392A093EE400186912 /* RoboChefUITests */,
			);
		};
/* End PBXProject section */

/* Begin PBXResourcesBuildPhase section */
		DD35811E2A093EE100186912 /* Resources */ = {
			isa = PBXResourcesBuildPhase;
			buildActionMask = 2147483647;
			files = (
				DD35812B2A093EE400186912 /* Preview Assets.xcassets in Resources */,
				DD3581282A093EE400186912 /* Assets.xcassets in Resources */,
			);
			runOnlyForDeploymentPostprocessing = 0;
		};
		DD35812E2A093EE400186912 /* Resources */ = {
			isa = PBXResourcesBuildPhase;
			buildActionMask = 2147483647;
			files = (
			);
			runOnlyForDeploymentPostprocessing = 0;
		};
		DD3581382A093EE400186912 /* Resources */ = {
			isa = PBXResourcesBuildPhase;
			buildActionMask = 2147483647;
			files = (
			);
			runOnlyForDeploymentPostprocessing = 0;
		};
/* End PBXResourcesBuildPhase section */

/* Begin PBXSourcesBuildPhase section */
		DD35811C2A093EE100186912 /* Sources */ = {
			isa = PBXSourcesBuildPhase;
			buildActionMask = 2147483647;
			files = (
				DD35814F2A0940C100186912 /* Login.swift in Sources */,
				DD3581542A09412300186912 /* Signup.swift in Sources */,
				DD3581522A09410700186912 /* CustomViews.swift in Sources */,
				DD3581262A093EE100186912 /* ContentView.swift in Sources */,
				DD3581582A17FCAE00186912 /* Home.swift in Sources */,
				DD3581242A093EE100186912 /* RoboChefApp.swift in Sources */,
			);
			runOnlyForDeploymentPostprocessing = 0;
		};
		DD35812C2A093EE400186912 /* Sources */ = {
			isa = PBXSourcesBuildPhase;
			buildActionMask = 2147483647;
			files = (
				DD3581352A093EE400186912 /* RoboChefTests.swift in Sources */,
			);
			runOnlyForDeploymentPostprocessing = 0;
		};
		DD3581362A093EE400186912 /* Sources */ = {
			isa = PBXSourcesBuildPhase;
			buildActionMask = 2147483647;
			files = (
				DD3581412A093EE400186912 /* RoboChefUITestsLaunchTests.swift in Sources */,
				DD35813F2A093EE400186912 /* RoboChefUITests.swift in Sources */,
			);
			runOnlyForDeploymentPostprocessing = 0;
		};
/* End PBXSourcesBuildPhase section */

/* Begin PBXTargetDependency section */
		DD3581322A093EE400186912 /* PBXTargetDependency */ = {
			isa = PBXTargetDependency;
			target = DD35811F2A093EE100186912 /* RoboChef */;
			targetProxy = DD3581312A093EE400186912 /* PBXContainerItemProxy */;
		};
		DD35813C2A093EE400186912 /* PBXTargetDependency */ = {
			isa = PBXTargetDependency;
			target = DD35811F2A093EE100186912 /* RoboChef */;
			targetProxy = DD35813B2A093EE400186912 /* PBXContainerItemProxy */;
		};
/* End PBXTargetDependency section */

/* Begin XCBuildConfiguration section */
		DD3581422A093EE400186912 /* Debug */ = {
			isa = XCBuildConfiguration;
			buildSettings = {
				ALWAYS_SEARCH_USER_PATHS = NO;
				CLANG_ANALYZER_NONNULL = YES;
				CLANG_ANALYZER_NUMBER_OBJECT_CONVERSION = YES_AGGRESSIVE;
				CLANG_CXX_LANGUAGE_STANDARD = "gnu++17";
				CLANG_ENABLE_MODULES = YES;
				CLANG_ENABLE_OBJC_ARC = YES;
				CLANG_ENABLE_OBJC_WEAK = YES;
				CLANG_WARN_BLOCK_CAPTURE_AUTORELEASING = YES;
				CLANG_WARN_BOOL_CONVERSION = YES;
				CLANG_WARN_COMMA = YES;
				CLANG_WARN_CONSTANT_CONVERSION = YES;
				CLANG_WARN_DEPRECATED_OBJC_IMPLEMENTATIONS = YES;
				CLANG_WARN_DIRECT_OBJC_ISA_USAGE = YES_ERROR;
				CLANG_WARN_DOCUMENTATION_COMMENTS = YES;
				CLANG_WARN_EMPTY_BODY = YES;
				CLANG_WARN_ENUM_CONVERSION = YES;
				CLANG_WARN_INFINITE_RECURSION = YES;
				CLANG_WARN_INT_CONVERSION = YES;
				CLANG_WARN_NON_LITERAL_NULL_CONVERSION = YES;
				CLANG_WARN_OBJC_IMPLICIT_RETAIN_SELF = YES;
				CLANG_WARN_OBJC_LITERAL_CONVERSION = YES;
				CLANG_WARN_OBJC_ROOT_CLASS = YES_ERROR;
				CLANG_WARN_QUOTED_INCLUDE_IN_FRAMEWORK_HEADER = YES;
				CLANG_WARN_RANGE_LOOP_ANALYSIS = YES;
				CLANG_WARN_STRICT_PROTOTYPES = YES;
				CLANG_WARN_SUSPICIOUS_MOVE = YES;
				CLANG_WARN_UNGUARDED_AVAILABILITY = YES_AGGRESSIVE;
				CLANG_WARN_UNREACHABLE_CODE = YES;
				CLANG_WARN__DUPLICATE_METHOD_MATCH = YES;
				COPY_PHASE_STRIP = NO;
				DEBUG_INFORMATION_FORMAT = dwarf;
				ENABLE_STRICT_OBJC_MSGSEND = YES;
				ENABLE_TESTABILITY = YES;
				GCC_C_LANGUAGE_STANDARD = gnu11;
				GCC_DYNAMIC_NO_PIC = NO;
				GCC_NO_COMMON_BLOCKS = YES;
				GCC_OPTIMIZATION_LEVEL = 0;
				GCC_PREPROCESSOR_DEFINITIONS = (
					"DEBUG=1",
					"$(inherited)",
				);
				GCC_WARN_64_TO_32_BIT_CONVERSION = YES;
				GCC_WARN_ABOUT_RETURN_TYPE = YES_ERROR;
				GCC_WARN_UNDECLARED_SELECTOR = YES;
				GCC_WARN_UNINITIALIZED_AUTOS = YES_AGGRESSIVE;
				GCC_WARN_UNUSED_FUNCTION = YES;
				GCC_WARN_UNUSED_VARIABLE = YES;
				IPHONEOS_DEPLOYMENT_TARGET = 15.5;
				MTL_ENABLE_DEBUG_INFO = INCLUDE_SOURCE;
				MTL_FAST_MATH = YES;
				ONLY_ACTIVE_ARCH = YES;
				SDKROOT = iphoneos;
				SWIFT_ACTIVE_COMPILATION_CONDITIONS = DEBUG;
				SWIFT_OPTIMIZATION_LEVEL = "-Onone";
			};
			name = Debug;
		};
		DD3581432A093EE400186912 /* Release */ = {
			isa = XCBuildConfiguration;
			buildSettings = {
				ALWAYS_SEARCH_USER_PATHS = NO;
				CLANG_ANALYZER_NONNULL = YES;
				CLANG_ANALYZER_NUMBER_OBJECT_CONVERSION = YES_AGGRESSIVE;
				CLANG_CXX_LANGUAGE_STANDARD = "gnu++17";
				CLANG_ENABLE_MODULES = YES;
				CLANG_ENABLE_OBJC_ARC = YES;
				CLANG_ENABLE_OBJC_WEAK = YES;
				CLANG_WARN_BLOCK_CAPTURE_AUTORELEASING = YES;
				CLANG_WARN_BOOL_CONVERSION = YES;
				CLANG_WARN_COMMA = YES;
				CLANG_WARN_CONSTANT_CONVERSION = YES;
				CLANG_WARN_DEPRECATED_OBJC_IMPLEMENTATIONS = YES;
				CLANG_WARN_DIRECT_OBJC_ISA_USAGE = YES_ERROR;
				CLANG_WARN_DOCUMENTATION_COMMENTS = YES;
				CLANG_WARN_EMPTY_BODY = YES;
				CLANG_WARN_ENUM_CONVERSION = YES;
				CLANG_WARN_INFINITE_RECURSION = YES;
				CLANG_WARN_INT_CONVERSION = YES;
				CLANG_WARN_NON_LITERAL_NULL_CONVERSION = YES;
				CLANG_WARN_OBJC_IMPLICIT_RETAIN_SELF = YES;
				CLANG_WARN_OBJC_LITERAL_CONVERSION = YES;
				CLANG_WARN_OBJC_ROOT_CLASS = YES_ERROR;
				CLANG_WARN_QUOTED_INCLUDE_IN_FRAMEWORK_HEADER = YES;
				CLANG_WARN_RANGE_LOOP_ANALYSIS = YES;
				CLANG_WARN_STRICT_PROTOTYPES = YES;
				CLANG_WARN_SUSPICIOUS_MOVE = YES;
				CLANG_WARN_UNGUARDED_AVAILABILITY = YES_AGGRESSIVE;
				CLANG_WARN_UNREACHABLE_CODE = YES;
				CLANG_WARN__DUPLICATE_METHOD_MATCH = YES;
				COPY_PHASE_STRIP = NO;
				DEBUG_INFORMATION_FORMAT = "dwarf-with-dsym";
				ENABLE_NS_ASSERTIONS = NO;
				ENABLE_STRICT_OBJC_MSGSEND = YES;
				GCC_C_LANGUAGE_STANDARD = gnu11;
				GCC_NO_COMMON_BLOCKS = YES;
				GCC_WARN_64_TO_32_BIT_CONVERSION = YES;
				GCC_WARN_ABOUT_RETURN_TYPE = YES_ERROR;
				GCC_WARN_UNDECLARED_SELECTOR = YES;
				GCC_WARN_UNINITIALIZED_AUTOS = YES_AGGRESSIVE;
				GCC_WARN_UNUSED_FUNCTION = YES;
				GCC_WARN_UNUSED_VARIABLE = YES;
				IPHONEOS_DEPLOYMENT_TARGET = 15.5;
				MTL_ENABLE_DEBUG_INFO = NO;
				MTL_FAST_MATH = YES;
				SDKROOT = iphoneos;
				SWIFT_COMPILATION_MODE = wholemodule;
				SWIFT_OPTIMIZATION_LEVEL = "-O";
				VALIDATE_PRODUCT = YES;
			};
			name = Release;
		};
		DD3581452A093EE400186912 /* Debug */ = {
			isa = XCBuildConfiguration;
			buildSettings = {
				ASSETCATALOG_COMPILER_APPICON_NAME = AppIcon;
				ASSETCATALOG_COMPILER_GLOBAL_ACCENT_COLOR_NAME = AccentColor;
				CODE_SIGN_STYLE = Automatic;
				CURRENT_PROJECT_VERSION = 1;
				DEVELOPMENT_ASSET_PATHS = "\"RoboChef/Preview Content\"";
				DEVELOPMENT_TEAM = T2FLC74C6P;
				ENABLE_PREVIEWS = YES;
				GENERATE_INFOPLIST_FILE = YES;
				INFOPLIST_KEY_UIApplicationSceneManifest_Generation = YES;
				INFOPLIST_KEY_UIApplicationSupportsIndirectInputEvents = YES;
				INFOPLIST_KEY_UILaunchScreen_Generation = YES;
				INFOPLIST_KEY_UISupportedInterfaceOrientations_iPad = "UIInterfaceOrientationPortrait UIInterfaceOrientationPortraitUpsideDown UIInterfaceOrientationLandscapeLeft UIInterfaceOrientationLandscapeRight";
				INFOPLIST_KEY_UISupportedInterfaceOrientations_iPhone = "UIInterfaceOrientationPortrait UIInterfaceOrientationLandscapeLeft UIInterfaceOrientationLandscapeRight";
				LD_RUNPATH_SEARCH_PATHS = (
					"$(inherited)",
					"@executable_path/Frameworks",
				);
				MARKETING_VERSION = 1.0;
				PRODUCT_BUNDLE_IDENTIFIER = chefai.RoboChef;
				PRODUCT_NAME = "$(TARGET_NAME)";
				SWIFT_EMIT_LOC_STRINGS = YES;
				SWIFT_VERSION = 5.0;
				TARGETED_DEVICE_FAMILY = "1,2";
			};
			name = Debug;
		};
		DD3581462A093EE400186912 /* Release */ = {
			isa = XCBuildConfiguration;
			buildSettings = {
				ASSETCATALOG_COMPILER_APPICON_NAME = AppIcon;
				ASSETCATALOG_COMPILER_GLOBAL_ACCENT_COLOR_NAME = AccentColor;
				CODE_SIGN_STYLE = Automatic;
				CURRENT_PROJECT_VERSION = 1;
				DEVELOPMENT_ASSET_PATHS = "\"RoboChef/Preview Content\"";
				DEVELOPMENT_TEAM = T2FLC74C6P;
				ENABLE_PREVIEWS = YES;
				GENERATE_INFOPLIST_FILE = YES;
				INFOPLIST_KEY_UIApplicationSceneManifest_Generation = YES;
				INFOPLIST_KEY_UIApplicationSupportsIndirectInputEvents = YES;
				INFOPLIST_KEY_UILaunchScreen_Generation = YES;
				INFOPLIST_KEY_UISupportedInterfaceOrientations_iPad = "UIInterfaceOrientationPortrait UIInterfaceOrientationPortraitUpsideDown UIInterfaceOrientationLandscapeLeft UIInterfaceOrientationLandscapeRight";
				INFOPLIST_KEY_UISupportedInterfaceOrientations_iPhone = "UIInterfaceOrientationPortrait UIInterfaceOrientationLandscapeLeft UIInterfaceOrientationLandscapeRight";
				LD_RUNPATH_SEARCH_PATHS = (
					"$(inherited)",
					"@executable_path/Frameworks",
				);
				MARKETING_VERSION = 1.0;
				PRODUCT_BUNDLE_IDENTIFIER = chefai.RoboChef;
				PRODUCT_NAME = "$(TARGET_NAME)";
				SWIFT_EMIT_LOC_STRINGS = YES;
				SWIFT_VERSION = 5.0;
				TARGETED_DEVICE_FAMILY = "1,2";
			};
			name = Release;
		};
		DD3581482A093EE400186912 /* Debug */ = {
			isa = XCBuildConfiguration;
			buildSettings = {
				ALWAYS_EMBED_SWIFT_STANDARD_LIBRARIES = YES;
				BUNDLE_LOADER = "$(TEST_HOST)";
				CODE_SIGN_STYLE = Automatic;
				CURRENT_PROJECT_VERSION = 1;
				DEVELOPMENT_TEAM = T2FLC74C6P;
				GENERATE_INFOPLIST_FILE = YES;
				IPHONEOS_DEPLOYMENT_TARGET = 15.5;
				MARKETING_VERSION = 1.0;
				PRODUCT_BUNDLE_IDENTIFIER = chefai.RoboChefTests;
				PRODUCT_NAME = "$(TARGET_NAME)";
				SWIFT_EMIT_LOC_STRINGS = NO;
				SWIFT_VERSION = 5.0;
				TARGETED_DEVICE_FAMILY = "1,2";
				TEST_HOST = "$(BUILT_PRODUCTS_DIR)/RoboChef.app/RoboChef";
			};
			name = Debug;
		};
		DD3581492A093EE400186912 /* Release */ = {
			isa = XCBuildConfiguration;
			buildSettings = {
				ALWAYS_EMBED_SWIFT_STANDARD_LIBRARIES = YES;
				BUNDLE_LOADER = "$(TEST_HOST)";
				CODE_SIGN_STYLE = Automatic;
				CURRENT_PROJECT_VERSION = 1;
				DEVELOPMENT_TEAM = T2FLC74C6P;
				GENERATE_INFOPLIST_FILE = YES;
				IPHONEOS_DEPLOYMENT_TARGET = 15.5;
				MARKETING_VERSION = 1.0;
				PRODUCT_BUNDLE_IDENTIFIER = chefai.RoboChefTests;
				PRODUCT_NAME = "$(TARGET_NAME)";
				SWIFT_EMIT_LOC_STRINGS = NO;
				SWIFT_VERSION = 5.0;
				TARGETED_DEVICE_FAMILY = "1,2";
				TEST_HOST = "$(BUILT_PRODUCTS_DIR)/RoboChef.app/RoboChef";
			};
			name = Release;
		};
		DD35814B2A093EE400186912 /* Debug */ = {
			isa = XCBuildConfiguration;
			buildSettings = {
				ALWAYS_EMBED_SWIFT_STANDARD_LIBRARIES = YES;
				CODE_SIGN_STYLE = Automatic;
				CURRENT_PROJECT_VERSION = 1;
				DEVELOPMENT_TEAM = T2FLC74C6P;
				GENERATE_INFOPLIST_FILE = YES;
				MARKETING_VERSION = 1.0;
				PRODUCT_BUNDLE_IDENTIFIER = chefai.RoboChefUITests;
				PRODUCT_NAME = "$(TARGET_NAME)";
				SWIFT_EMIT_LOC_STRINGS = NO;
				SWIFT_VERSION = 5.0;
				TARGETED_DEVICE_FAMILY = "1,2";
				TEST_TARGET_NAME = RoboChef;
			};
			name = Debug;
		};
		DD35814C2A093EE400186912 /* Release */ = {
			isa = XCBuildConfiguration;
			buildSettings = {
				ALWAYS_EMBED_SWIFT_STANDARD_LIBRARIES = YES;
				CODE_SIGN_STYLE = Automatic;
				CURRENT_PROJECT_VERSION = 1;
				DEVELOPMENT_TEAM = T2FLC74C6P;
				GENERATE_INFOPLIST_FILE = YES;
				MARKETING_VERSION = 1.0;
				PRODUCT_BUNDLE_IDENTIFIER = chefai.RoboChefUITests;
				PRODUCT_NAME = "$(TARGET_NAME)";
				SWIFT_EMIT_LOC_STRINGS = NO;
				SWIFT_VERSION = 5.0;
				TARGETED_DEVICE_FAMILY = "1,2";
				TEST_TARGET_NAME = RoboChef;
			};
			name = Release;
		};
/* End XCBuildConfiguration section */

/* Begin XCConfigurationList section */
		DD35811B2A093EE100186912 /* Build configuration list for PBXProject "RoboChef" */ = {
			isa = XCConfigurationList;
			buildConfigurations = (
				DD3581422A093EE400186912 /* Debug */,
				DD3581432A093EE400186912 /* Release */,
			);
			defaultConfigurationIsVisible = 0;
			defaultConfigurationName = Release;
		};
		DD3581442A093EE400186912 /* Build configuration list for PBXNativeTarget "RoboChef" */ = {
			isa = XCConfigurationList;
			buildConfigurations = (
				DD3581452A093EE400186912 /* Debug */,
				DD3581462A093EE400186912 /* Release */,
			);
			defaultConfigurationIsVisible = 0;
			defaultConfigurationName = Release;
		};
		DD3581472A093EE400186912 /* Build configuration list for PBXNativeTarget "RoboChefTests" */ = {
			isa = XCConfigurationList;
			buildConfigurations = (
				DD3581482A093EE400186912 /* Debug */,
				DD3581492A093EE400186912 /* Release */,
			);
			defaultConfigurationIsVisible = 0;
			defaultConfigurationName = Release;
		};
		DD35814A2A093EE400186912 /* Build configuration list for PBXNativeTarget "RoboChefUITests" */ = {
			isa = XCConfigurationList;
			buildConfigurations = (
				DD35814B2A093EE400186912 /* Debug */,
				DD35814C2A093EE400186912 /* Release */,
			);
			defaultConfigurationIsVisible = 0;
			defaultConfigurationName = Release;
		};
/* End XCConfigurationList section */
	};
	rootObject = DD3581182A093EE100186912 /* Project object */;
}
